
Microsoft Visual Studio Solution File, Format Version 12.00
# Visual Studio Version 17
VisualStudioVersion = 17.5.002.0
MinimumVisualStudioVersion = 10.0.40219.1
Project("{9A19103F-16F7-4668-BE54-9A1E7A4F7556}") = "TaskManagementSystem.Api", "TaskManagementSystem.Api.csproj", "{AA8D6726-9E7D-4A9A-A65F-C5CB9763941B}"
EndProject
Global
	GlobalSection(SolutionConfigurationPlatforms) = preSolution
		Debug|Any CPU = Debug|Any CPU
		Release|Any CPU = Release|Any CPU
	EndGlobalSection
	GlobalSection(ProjectConfigurationPlatforms) = postSolution
		{AA8D6726-9E7D-4A9A-A65F-C5CB9763941B}.Debug|Any CPU.ActiveCfg = Debug|Any CPU
		{AA8D6726-9E7D-4A9A-A65F-C5CB9763941B}.Debug|Any CPU.Build.0 = Debug|Any CPU
		{AA8D6726-9E7D-4A9A-A65F-C5CB9763941B}.Release|Any CPU.ActiveCfg = Release|Any CPU
		{AA8D6726-9E7D-4A9A-A65F-C5CB9763941B}.Release|Any CPU.Build.0 = Release|Any CPU
	EndGlobalSection
	GlobalSection(SolutionProperties) = preSolution
		HideSolutionNode = FALSE
	EndGlobalSection
	GlobalSection(ExtensibilityGlobals) = postSolution
		SolutionGuid = {F9F36032-3AD2-4202-984E-2E4975641286}
	EndGlobalSection
EndGlobal
